
Microsoft Visual Studio Solution File, Format Version 12.00
# Visual Studio Version 17
VisualStudioVersion = 17.5.33424.131
MinimumVisualStudioVersion = 10.0.40219.1
Project("{FAE04EC0-301F-11D3-BF4B-00C04F79EFBC}") = "NguyenHuuNhan_2011065282", "NguyenHuuNhan_2011065282\NguyenHuuNhan_2011065282.csproj", "{9646676A-9B5B-4DDC-9432-B1BCBE6C369D}"
EndProject
Global
	GlobalSection(SolutionConfigurationPlatforms) = preSolution
		Debug|Any CPU = Debug|Any CPU
		Release|Any CPU = Release|Any CPU
	EndGlobalSection
	GlobalSection(ProjectConfigurationPlatforms) = postSolution
		{9646676A-9B5B-4DDC-9432-B1BCBE6C369D}.Debug|Any CPU.ActiveCfg = Debug|Any CPU
		{9646676A-9B5B-4DDC-9432-B1BCBE6C369D}.Debug|Any CPU.Build.0 = Debug|Any CPU
		{9646676A-9B5B-4DDC-9432-B1BCBE6C369D}.Release|Any CPU.ActiveCfg = Release|Any CPU
		{9646676A-9B5B-4DDC-9432-B1BCBE6C369D}.Release|Any CPU.Build.0 = Release|Any CPU
	EndGlobalSection
	GlobalSection(SolutionProperties) = preSolution
		HideSolutionNode = FALSE
	EndGlobalSection
	GlobalSection(ExtensibilityGlobals) = postSolution
		SolutionGuid = {6771041B-9D6D-44A9-9300-63C02E7AF74E}
	EndGlobalSection
EndGlobal
